
Microsoft Visual Studio Solution File, Format Version 12.00
# Visual Studio Version 17
VisualStudioVersion = 17.4.33122.133
MinimumVisualStudioVersion = 10.0.40219.1
Project("{9A19103F-16F7-4668-BE54-9A1E7A4F7556}") = "Moco", "Moco\Moco.csproj", "{531BCDEA-0C37-425B-AA0C-C5F1481CC7ED}"
EndProject
Project("{FAE04EC0-301F-11D3-BF4B-00C04F79EFBC}") = "Moco.Skia", "Moco.Skia\Moco.Skia.csproj", "{7468F565-C77A-462E-853B-F42133CA86D3}"
EndProject
Global
	GlobalSection(SolutionConfigurationPlatforms) = preSolution
		Debug|Any CPU = Debug|Any CPU
		Release|Any CPU = Release|Any CPU
	EndGlobalSection
	GlobalSection(ProjectConfigurationPlatforms) = postSolution
		{531BCDEA-0C37-425B-AA0C-C5F1481CC7ED}.Debug|Any CPU.ActiveCfg = Debug|Any CPU
		{531BCDEA-0C37-425B-AA0C-C5F1481CC7ED}.Debug|Any CPU.Build.0 = Debug|Any CPU
		{531BCDEA-0C37-425B-AA0C-C5F1481CC7ED}.Release|Any CPU.ActiveCfg = Release|Any CPU
		{531BCDEA-0C37-425B-AA0C-C5F1481CC7ED}.Release|Any CPU.Build.0 = Release|Any CPU
		{7468F565-C77A-462E-853B-F42133CA86D3}.Debug|Any CPU.ActiveCfg = Debug|Any CPU
		{7468F565-C77A-462E-853B-F42133CA86D3}.Debug|Any CPU.Build.0 = Debug|Any CPU
		{7468F565-C77A-462E-853B-F42133CA86D3}.Release|Any CPU.ActiveCfg = Release|Any CPU
		{7468F565-C77A-462E-853B-F42133CA86D3}.Release|Any CPU.Build.0 = Release|Any CPU
	EndGlobalSection
	GlobalSection(SolutionProperties) = preSolution
		HideSolutionNode = FALSE
	EndGlobalSection
	GlobalSection(ExtensibilityGlobals) = postSolution
		SolutionGuid = {6A99FCB6-F5A5-4262-B5E7-530F8A7567B9}
	EndGlobalSection
EndGlobal
